
Microsoft Visual Studio Solution File, Format Version 11.00
# Visual Studio 2010
Project("{FAE04EC0-301F-11D3-BF4B-00C04F79EFBC}") = "SpineExp", "Assembly-CSharp.csproj", "{EC7AC091-9BEF-AC4D-D767-246CA0FA9A2D}"
EndProject
Project("{FAE04EC0-301F-11D3-BF4B-00C04F79EFBC}") = "SpineExp", "Assembly-CSharp-Editor.csproj", "{7F51035B-DB11-3A96-B0CD-1500A580B672}"
EndProject
Global
	GlobalSection(SolutionConfigurationPlatforms) = preSolution
		Debug|Any CPU = Debug|Any CPU
		Release|Any CPU = Release|Any CPU
	EndGlobalSection
	GlobalSection(ProjectConfigurationPlatforms) = postSolution
		{EC7AC091-9BEF-AC4D-D767-246CA0FA9A2D}.Debug|Any CPU.ActiveCfg = Debug|Any CPU
		{EC7AC091-9BEF-AC4D-D767-246CA0FA9A2D}.Debug|Any CPU.Build.0 = Debug|Any CPU
		{EC7AC091-9BEF-AC4D-D767-246CA0FA9A2D}.Release|Any CPU.ActiveCfg = Release|Any CPU
		{EC7AC091-9BEF-AC4D-D767-246CA0FA9A2D}.Release|Any CPU.Build.0 = Release|Any CPU
		{7F51035B-DB11-3A96-B0CD-1500A580B672}.Debug|Any CPU.ActiveCfg = Debug|Any CPU
		{7F51035B-DB11-3A96-B0CD-1500A580B672}.Debug|Any CPU.Build.0 = Debug|Any CPU
		{7F51035B-DB11-3A96-B0CD-1500A580B672}.Release|Any CPU.ActiveCfg = Release|Any CPU
		{7F51035B-DB11-3A96-B0CD-1500A580B672}.Release|Any CPU.Build.0 = Release|Any CPU
	EndGlobalSection
	GlobalSection(SolutionProperties) = preSolution
		HideSolutionNode = FALSE
	EndGlobalSection
	GlobalSection(MonoDevelopProperties) = preSolution
		StartupItem = Assembly-CSharp.csproj
	EndGlobalSection
EndGlobal
